lockfileVersion: '9.0'

settings:
  autoInstallPeers: true
  excludeLinksFromLockfile: false

importers:

  .:
    devDependencies:
      '@abaplint/cli':
        specifier: ^2.115.18
        version: 2.115.18
      '@abaplint/runtime':
        specifier: ^2.12.26
        version: 2.12.26
      '@abaplint/transpiler':
        specifier: ^2.12.26
        version: 2.12.26
      '@abaplint/transpiler-cli':
        specifier: ^2.12.26
        version: 2.12.26

packages:

  '@abaplint/cli@2.115.18':
    resolution: {integrity: sha512-jvy5dhwHYj1sPjlMdxmDjBRTLmZWZCdALiHAJaslmyzDOtZLT+7iiqFba1ULL6ZYf9aatTSTfCzuoF9H50TgXA==}
    engines: {node: '>=12.0.0'}
    hasBin: true

  '@abaplint/core@2.115.18':
    resolution: {integrity: sha512-V9DBaGlr7bKMfO9W03T0gevydbBAYSCiXE3ZGkB2jfEsT7Mgh+bDdWtb+0TPVdqOyGtZCGyeVVlZ/EjYUl/nDg==}
    engines: {node: '>=12.0.0'}

  '@abaplint/runtime@2.12.26':
    resolution: {integrity: sha512-jIuymk5ogWsl9N5utI1Ingqm652WQGu0zPA2ZfZa8GzmboMrSeatz3lw0GoBPlheWpk11hTq05wWleV977F++w==}

  '@abaplint/transpiler-cli@2.12.26':
    resolution: {integrity: sha512-do8rmLaU/vbUcqfqqPLcSTaVHp1ruDuGgs419yjOhwLVoiC9WP76AxgEVhNjyRwCenk/phmoxBBQWVEv5CItNA==}
    hasBin: true

  '@abaplint/transpiler@2.12.26':
    resolution: {integrity: sha512-v2qA30ljNTGLvBOLz/T4sPfwaR+tk42Z2aVLdxdATtiZzuhqHQnXFbsKeTcKXYL4+16v/jbbKkM+E4pYqjKncA==}

  fast-xml-parser@5.3.3:
    resolution: {integrity: sha512-2O3dkPAAC6JavuMm8+4+pgTk+5hoAs+CjZ+sWcQLkX9+/tHRuTkQh/Oaifr8qDmZ8iEHb771Ea6G8CdwkrgvYA==}
    hasBin: true

  json5@2.2.3:
    resolution: {integrity: sha512-XmOWe7eyHYH14cLdVPoyg+GOH3rYX++KpzrylJwSW98t3Nk+U8XOl8FWKOgwtzdb8lXGf6zYwDUzeHMWfxasyg==}
    engines: {node: '>=6'}
    hasBin: true

  source-map@0.7.6:
    resolution: {integrity: sha512-i5uvt8C3ikiWeNZSVZNWcfZPItFQOsYTUAOkcUPGd8DqDy1uOUikjt5dG+uRlwyvR108Fb9DOd4GvXfT0N2/uQ==}
    engines: {node: '>= 12'}

  strnum@2.1.1:
    resolution: {integrity: sha512-7ZvoFTiCnGxBtDqJ//Cu6fWtZtc7Y3x+QOirG15wztbdngGSkht27o2pyGWrVy0b4WAy3jbKmnoK6g5VlVNUUw==}

  temporal-polyfill@0.3.0:
    resolution: {integrity: sha512-qNsTkX9K8hi+FHDfHmf22e/OGuXmfBm9RqNismxBrnSmZVJKegQ+HYYXT+R7Ha8F/YSm2Y34vmzD4cxMu2u95g==}

  temporal-spec@0.3.0:
    resolution: {integrity: sha512-n+noVpIqz4hYgFSMOSiINNOUOMFtV5cZQNCmmszA6GiVFVRt3G7AqVyhXjhCSmowvQn+NsGn+jMDMKJYHd3bSQ==}

  vscode-languageserver-types@3.17.5:
    resolution: {integrity: sha512-Ld1VelNuX9pdF39h2Hgaeb5hEZM2Z3jUrrMgWQAu82jMtZp7p3vJT3BzToKtZI7NgQssZje5o0zryOrhQvzQAg==}

snapshots:

  '@abaplint/cli@2.115.18': {}

  '@abaplint/core@2.115.18':
    dependencies:
      fast-xml-parser: 5.3.3
      json5: 2.2.3
      vscode-languageserver-types: 3.17.5

  '@abaplint/runtime@2.12.26':
    dependencies:
      temporal-polyfill: 0.3.0

  '@abaplint/transpiler-cli@2.12.26': {}

  '@abaplint/transpiler@2.12.26':
    dependencies:
      '@abaplint/core': 2.115.18
      source-map: 0.7.6

  fast-xml-parser@5.3.3:
    dependencies:
      strnum: 2.1.1

  json5@2.2.3: {}

  source-map@0.7.6: {}

  strnum@2.1.1: {}

  temporal-polyfill@0.3.0:
    dependencies:
      temporal-spec: 0.3.0

  temporal-spec@0.3.0: {}

  vscode-languageserver-types@3.17.5: {}
