lockfileVersion: '9.0'

settings:
  autoInstallPeers: true
  excludeLinksFromLockfile: false

importers:

  .:
    devDependencies:
      '@abaplint/cli':
        specifier: ^2.113.204
        version: 2.113.204
      '@abaplint/runtime':
        specifier: ^2.11.92
        version: 2.12.26
      '@abaplint/transpiler':
        specifier: ^2.11.92
        version: 2.11.92
      '@abaplint/transpiler-cli':
        specifier: ^2.11.92
        version: 2.11.92

packages:

  '@abaplint/cli@2.113.204':
    resolution: {integrity: sha512-p1OHD2+gigG1bnrYZYES2OfYi6KxmtcchHKzAbsbu3RkdX8jglU8hNNycd0jNtkT6wNlDxhN7/gtstkQqHNpmQ==}
    engines: {node: '>=12.0.0'}
    hasBin: true

  '@abaplint/core@2.113.204':
    resolution: {integrity: sha512-L9wnNH5tlz95uBbiYIsngk07fRwxECKqHy7rjB3O4u/kjpmL2VtxOJL73KZIRxKOJ5+H1JfrROjecoEv2mTp4g==}
    engines: {node: '>=12.0.0'}

  '@abaplint/runtime@2.12.26':
    resolution: {integrity: sha512-jIuymk5ogWsl9N5utI1Ingqm652WQGu0zPA2ZfZa8GzmboMrSeatz3lw0GoBPlheWpk11hTq05wWleV977F++w==}

  '@abaplint/transpiler-cli@2.11.92':
    resolution: {integrity: sha512-Dj5LqKAomx1Kwp29Q27ZZQS214QuspcvIVU6F/GePkR6dJp1jKHQ3RSFzsmagAJ4Yz8MJbJDCM9+WqpNqCbkVw==}
    hasBin: true

  '@abaplint/transpiler@2.11.92':
    resolution: {integrity: sha512-pQR7Q4Qcs0/hXNqQUNXLf5615CmqYd5Mi4wUht5hxvPjbNdqkZYr4yh73kXF54g+gmfABTLt5k5H9d/iHBcmVg==}

  fast-xml-parser@5.2.5:
    resolution: {integrity: sha512-pfX9uG9Ki0yekDHx2SiuRIyFdyAr1kMIMitPvb0YBo8SUfKvia7w7FIyd/l6av85pFYRhZscS75MwMnbvY+hcQ==}
    hasBin: true

  json5@2.2.3:
    resolution: {integrity: sha512-XmOWe7eyHYH14cLdVPoyg+GOH3rYX++KpzrylJwSW98t3Nk+U8XOl8FWKOgwtzdb8lXGf6zYwDUzeHMWfxasyg==}
    engines: {node: '>=6'}
    hasBin: true

  source-map@0.7.6:
    resolution: {integrity: sha512-i5uvt8C3ikiWeNZSVZNWcfZPItFQOsYTUAOkcUPGd8DqDy1uOUikjt5dG+uRlwyvR108Fb9DOd4GvXfT0N2/uQ==}
    engines: {node: '>= 12'}

  strnum@2.1.1:
    resolution: {integrity: sha512-7ZvoFTiCnGxBtDqJ//Cu6fWtZtc7Y3x+QOirG15wztbdngGSkht27o2pyGWrVy0b4WAy3jbKmnoK6g5VlVNUUw==}

  temporal-polyfill@0.3.0:
    resolution: {integrity: sha512-qNsTkX9K8hi+FHDfHmf22e/OGuXmfBm9RqNismxBrnSmZVJKegQ+HYYXT+R7Ha8F/YSm2Y34vmzD4cxMu2u95g==}

  temporal-spec@0.3.0:
    resolution: {integrity: sha512-n+noVpIqz4hYgFSMOSiINNOUOMFtV5cZQNCmmszA6GiVFVRt3G7AqVyhXjhCSmowvQn+NsGn+jMDMKJYHd3bSQ==}

  vscode-languageserver-types@3.17.5:
    resolution: {integrity: sha512-Ld1VelNuX9pdF39h2Hgaeb5hEZM2Z3jUrrMgWQAu82jMtZp7p3vJT3BzToKtZI7NgQssZje5o0zryOrhQvzQAg==}

snapshots:

  '@abaplint/cli@2.113.204': {}

  '@abaplint/core@2.113.204':
    dependencies:
      fast-xml-parser: 5.2.5
      json5: 2.2.3
      vscode-languageserver-types: 3.17.5

  '@abaplint/runtime@2.12.26':
    dependencies:
      temporal-polyfill: 0.3.0

  '@abaplint/transpiler-cli@2.11.92': {}

  '@abaplint/transpiler@2.11.92':
    dependencies:
      '@abaplint/core': 2.113.204
      source-map: 0.7.6

  fast-xml-parser@5.2.5:
    dependencies:
      strnum: 2.1.1

  json5@2.2.3: {}

  source-map@0.7.6: {}

  strnum@2.1.1: {}

  temporal-polyfill@0.3.0:
    dependencies:
      temporal-spec: 0.3.0

  temporal-spec@0.3.0: {}

  vscode-languageserver-types@3.17.5: {}
