lockfileVersion: '9.0'

settings:
  autoInstallPeers: true
  excludeLinksFromLockfile: false

importers:

  .:
    devDependencies:
      '@abaplint/cli':
        specifier: ^2.113.110
        version: 2.113.110
      '@abaplint/runtime':
        specifier: ^2.10.44
        version: 2.10.44
      '@abaplint/transpiler':
        specifier: ^2.10.44
        version: 2.10.44
      '@abaplint/transpiler-cli':
        specifier: ^2.10.44
        version: 2.10.44

packages:

  '@abaplint/cli@2.113.110':
    resolution: {integrity: sha512-EY5mP6dE/kv0FGcTMT3QhwWrcs4v3JXv9ZvjpTDJu6ncA0Z4v+nMJy0f66Ug+LHPmcUZHjevH+UTRuSYFlYYXQ==}
    engines: {node: '>=12.0.0'}
    hasBin: true

  '@abaplint/core@2.113.110':
    resolution: {integrity: sha512-x8eZlfpeBQkbHrFw2DWk1IIRFnYwGdrizoJSFgtCCBBci8pzInjmLN16l0zFRT0gxtOCU3mMmts2MPdJfRIR9g==}
    engines: {node: '>=12.0.0'}

  '@abaplint/runtime@2.10.44':
    resolution: {integrity: sha512-D3z0+tiz5llaJwzFgt05HQLQAd6k/5PBY883TRkU+39t/DCHXtvSQ7cd03Myr19tSSAwmsPkEPrM7kVkToIdsg==}

  '@abaplint/transpiler-cli@2.10.44':
    resolution: {integrity: sha512-DsJOQ3CLwP8o1LPyT19q8AUbqJxc2bqFlDAX4W57JLVqew4z9HsQf06lTxgN0Wo+khuJBfVEARePBzXJQl/pjQ==}
    hasBin: true

  '@abaplint/transpiler@2.10.44':
    resolution: {integrity: sha512-FRIP1JIY12qAplmp0vTGaSeYNbc/DmS/P55mnyy3aE/Vju7rgvQ7VslmgV0EwOoRmGAhkPhAeY9bvS8hA2oflQ==}

  fast-xml-parser@5.2.0:
    resolution: {integrity: sha512-Uw9+Mjt4SBRud1IcaYuW/O0lW8SKKdMl5g7g24HiIuyH5fQSD+AVLybSlJtqLYEbytVFjWQa5DMGcNgeksdRBg==}
    hasBin: true

  json5@2.2.3:
    resolution: {integrity: sha512-XmOWe7eyHYH14cLdVPoyg+GOH3rYX++KpzrylJwSW98t3Nk+U8XOl8FWKOgwtzdb8lXGf6zYwDUzeHMWfxasyg==}
    engines: {node: '>=6'}
    hasBin: true

  source-map@0.7.4:
    resolution: {integrity: sha512-l3BikUxvPOcn5E74dZiq5BGsTb5yEwhaTSzccU6t4sDOH8NWJCstKO5QT2CvtFoK6F0saL7p9xHAqHOlCPJygA==}
    engines: {node: '>= 8'}

  strnum@2.0.5:
    resolution: {integrity: sha512-YAT3K/sgpCUxhxNMrrdhtod3jckkpYwH6JAuwmUdXZsmzH1wUyzTMrrK2wYCEEqlKwrWDd35NeuUkbBy/1iK+Q==}

  temporal-polyfill@0.2.5:
    resolution: {integrity: sha512-ye47xp8Cb0nDguAhrrDS1JT1SzwEV9e26sSsrWzVu+yPZ7LzceEcH0i2gci9jWfOfSCCgM3Qv5nOYShVUUFUXA==}

  temporal-spec@0.2.4:
    resolution: {integrity: sha512-lDMFv4nKQrSjlkHKAlHVqKrBG4DyFfa9F74cmBZ3Iy3ed8yvWnlWSIdi4IKfSqwmazAohBNwiN64qGx4y5Q3IQ==}

  vscode-languageserver-types@3.17.5:
    resolution: {integrity: sha512-Ld1VelNuX9pdF39h2Hgaeb5hEZM2Z3jUrrMgWQAu82jMtZp7p3vJT3BzToKtZI7NgQssZje5o0zryOrhQvzQAg==}

snapshots:

  '@abaplint/cli@2.113.110': {}

  '@abaplint/core@2.113.110':
    dependencies:
      fast-xml-parser: 5.2.0
      json5: 2.2.3
      vscode-languageserver-types: 3.17.5

  '@abaplint/runtime@2.10.44':
    dependencies:
      temporal-polyfill: 0.2.5

  '@abaplint/transpiler-cli@2.10.44': {}

  '@abaplint/transpiler@2.10.44':
    dependencies:
      '@abaplint/core': 2.113.110
      source-map: 0.7.4

  fast-xml-parser@5.2.0:
    dependencies:
      strnum: 2.0.5

  json5@2.2.3: {}

  source-map@0.7.4: {}

  strnum@2.0.5: {}

  temporal-polyfill@0.2.5:
    dependencies:
      temporal-spec: 0.2.4

  temporal-spec@0.2.4: {}

  vscode-languageserver-types@3.17.5: {}
